# This file is autogenerated, do not edit; changes may be undone by the next 'dep ensure'.


[[projects]]
  branch = "master"
  name = "github.com/liudanking/tuntap"
  packages = ["."]
  revision = "c88fa87e6f315606cdd1dbf16af9f51eb834624a"

[[projects]]
  branch = "master"
  name = "github.com/pborman/getopt"
  packages = ["."]
  revision = "7148bc3a4c3008adfcab60cbebfd0576018f330b"

[[projects]]
  branch = "master"
  name = "github.com/sparrc/go-ping"
  packages = ["."]
  revision = "416e72114cd1edce2f287648f935a60dfe6cf40e"

[[projects]]
  branch = "master"
  name = "golang.org/x/crypto"
  packages = ["pkcs12","pkcs12/internal/rc2"]
  revision = "7d9177d70076375b9a59c8fde23d52d9c4a7ecd5"

[[projects]]
  branch = "master"
  name = "golang.org/x/net"
  packages = ["bpf","icmp","internal/iana","internal/socket","ipv4","ipv6","websocket"]
  revision = "8351a756f30f1297fe94bbf4b767ec589c6ea6d0"

[solve-meta]
  analyzer-name = "dep"
  analyzer-version = 1
  inputs-digest = "eb6c2924713d98211ef26d1009d1ab5c0cbca1fa1284504922bff8899c3b495d"
  solver-name = "gps-cdcl"
  solver-version = 1
